
Microsoft Visual Studio Solution File, Format Version 12.00
# Visual Studio Version 16
VisualStudioVersion = 16.0.30717.126
MinimumVisualStudioVersion = 10.0.40219.1
Project("{FAE04EC0-301F-11D3-BF4B-00C04F79EFBC}") = "OpenSubtitlesComApi", "OpenSubtitlesComApi\OpenSubtitlesComApi.csproj", "{E2F873F4-78C8-4FD5-ACA8-EFBA110B33A4}"
EndProject
Project("{FAE04EC0-301F-11D3-BF4B-00C04F79EFBC}") = "OpenSubtitlesComConsole", "OpenSubtitlesComConsole\OpenSubtitlesComConsole.csproj", "{47CE9B18-7A0B-4398-BB87-2DCDF0A2B2CA}"
EndProject
Global
	GlobalSection(SolutionConfigurationPlatforms) = preSolution
		Debug|Any CPU = Debug|Any CPU
		Release|Any CPU = Release|Any CPU
	EndGlobalSection
	GlobalSection(ProjectConfigurationPlatforms) = postSolution
		{E2F873F4-78C8-4FD5-ACA8-EFBA110B33A4}.Debug|Any CPU.ActiveCfg = Debug|Any CPU
		{E2F873F4-78C8-4FD5-ACA8-EFBA110B33A4}.Debug|Any CPU.Build.0 = Debug|Any CPU
		{E2F873F4-78C8-4FD5-ACA8-EFBA110B33A4}.Release|Any CPU.ActiveCfg = Release|Any CPU
		{E2F873F4-78C8-4FD5-ACA8-EFBA110B33A4}.Release|Any CPU.Build.0 = Release|Any CPU
		{47CE9B18-7A0B-4398-BB87-2DCDF0A2B2CA}.Debug|Any CPU.ActiveCfg = Debug|Any CPU
		{47CE9B18-7A0B-4398-BB87-2DCDF0A2B2CA}.Debug|Any CPU.Build.0 = Debug|Any CPU
		{47CE9B18-7A0B-4398-BB87-2DCDF0A2B2CA}.Release|Any CPU.ActiveCfg = Release|Any CPU
		{47CE9B18-7A0B-4398-BB87-2DCDF0A2B2CA}.Release|Any CPU.Build.0 = Release|Any CPU
	EndGlobalSection
	GlobalSection(SolutionProperties) = preSolution
		HideSolutionNode = FALSE
	EndGlobalSection
	GlobalSection(ExtensibilityGlobals) = postSolution
		SolutionGuid = {ADD57C73-BDE6-4EB4-946D-5AFEDC6602D4}
	EndGlobalSection
EndGlobal
